
Microsoft Visual Studio Solution File, Format Version 12.00
# Visual Studio Version 16
VisualStudioVersion = 16.0.34031.81
MinimumVisualStudioVersion = 10.0.40219.1
Project("{2150E333-8FDC-42A3-9474-1A3956D46DE8}") = "Task0", "Task0", "{AF38C22D-4EEF-41C8-9A12-543EA2027710}"
EndProject
Project("{FAE04EC0-301F-11D3-BF4B-00C04F79EFBC}") = "Tyuiu.AndreevVY.Sprint4.Task0.V29", "Tyuiu.AndreevVY.Sprint4.Task0.V29\Tyuiu.AndreevVY.Sprint4.Task0.V29.csproj", "{612CD72D-A29E-4997-A7ED-59A2FAAEE6A9}"
EndProject
Project("{FAE04EC0-301F-11D3-BF4B-00C04F79EFBC}") = "Tyuiu.AndreevVY.Sprint4.Task0.V29.Lib", "Tyuiu.AndreevVY.Sprint4.Task0.V29.Lib\Tyuiu.AndreevVY.Sprint4.Task0.V29.Lib.csproj", "{12F9A213-0E58-4AA1-A804-FA7598F126FE}"
EndProject
Project("{FAE04EC0-301F-11D3-BF4B-00C04F79EFBC}") = "Tyuiu.AndreevVY.Sprint4.Task0.V29.Test", "Tyuiu.AndreevVY.Sprint4.Task0.V29.Test\Tyuiu.AndreevVY.Sprint4.Task0.V29.Test.csproj", "{B70CCAED-C4BC-4C55-A613-1346B07B6901}"
EndProject
Project("{2150E333-8FDC-42A3-9474-1A3956D46DE8}") = "Task1", "Task1", "{0BEDA55A-4F5E-440E-92A6-C1A210868051}"
EndProject
Project("{FAE04EC0-301F-11D3-BF4B-00C04F79EFBC}") = "Tyuiu.AndreevVY.Sprint4.Task1.V19", "Tyuiu.AndreevVY.Sprint4.Task1.V19\Tyuiu.AndreevVY.Sprint4.Task1.V19.csproj", "{CC409503-0EF9-421D-8F09-69B9782E6734}"
EndProject
Project("{FAE04EC0-301F-11D3-BF4B-00C04F79EFBC}") = "Tyuiu.AndreevVY.Sprint4.Task1.V19.Lib", "Tyuiu.AndreevVY.Sprint4.Task1.V19.Lib\Tyuiu.AndreevVY.Sprint4.Task1.V19.Lib.csproj", "{92B885A1-6C67-491A-8D0A-F5C54A2FFB9F}"
EndProject
Project("{FAE04EC0-301F-11D3-BF4B-00C04F79EFBC}") = "Tyuiu.AndreevVY.Sprint4.Task1.V19.Test", "Tyuiu.AndreevVY.Sprint4.Task1.V19.Test\Tyuiu.AndreevVY.Sprint4.Task1.V19.Test.csproj", "{1870823E-C4EF-482F-B22A-AAA9AA646977}"
EndProject
Project("{2150E333-8FDC-42A3-9474-1A3956D46DE8}") = "Task2", "Task2", "{98E3456A-FFC6-40E1-A4B5-8E53AFE4C97E}"
EndProject
Project("{FAE04EC0-301F-11D3-BF4B-00C04F79EFBC}") = "Tyuiu.AndreevVY.Sprint4.Task2.V26", "Tyuiu.AndreevVY.Sprint4.Task2.V26\Tyuiu.AndreevVY.Sprint4.Task2.V26.csproj", "{B3A859B3-812A-4A0D-8774-8A03549F56B4}"
EndProject
Project("{FAE04EC0-301F-11D3-BF4B-00C04F79EFBC}") = "Tyuiu.AndreevVY.Sprint4.Task2.V26.Lib", "Tyuiu.AndreevVY.Sprint4.Task2.V26.Lib\Tyuiu.AndreevVY.Sprint4.Task2.V26.Lib.csproj", "{3DA5C282-1A86-4633-BFCA-571D07D815CF}"
EndProject
Project("{FAE04EC0-301F-11D3-BF4B-00C04F79EFBC}") = "Tyuiu.AndreevVY.Sprint4.Task2.V26.Test", "Tyuiu.AndreevVY.Sprint4.Task2.V26.Test\Tyuiu.AndreevVY.Sprint4.Task2.V26.Test.csproj", "{AA4233C2-5D8F-4B61-B03E-7FBDCD953DAA}"
EndProject
Global
	GlobalSection(SolutionConfigurationPlatforms) = preSolution
		Debug|Any CPU = Debug|Any CPU
		Release|Any CPU = Release|Any CPU
	EndGlobalSection
	GlobalSection(ProjectConfigurationPlatforms) = postSolution
		{612CD72D-A29E-4997-A7ED-59A2FAAEE6A9}.Debug|Any CPU.ActiveCfg = Debug|Any CPU
		{612CD72D-A29E-4997-A7ED-59A2FAAEE6A9}.Debug|Any CPU.Build.0 = Debug|Any CPU
		{612CD72D-A29E-4997-A7ED-59A2FAAEE6A9}.Release|Any CPU.ActiveCfg = Release|Any CPU
		{612CD72D-A29E-4997-A7ED-59A2FAAEE6A9}.Release|Any CPU.Build.0 = Release|Any CPU
		{12F9A213-0E58-4AA1-A804-FA7598F126FE}.Debug|Any CPU.ActiveCfg = Debug|Any CPU
		{12F9A213-0E58-4AA1-A804-FA7598F126FE}.Debug|Any CPU.Build.0 = Debug|Any CPU
		{12F9A213-0E58-4AA1-A804-FA7598F126FE}.Release|Any CPU.ActiveCfg = Release|Any CPU
		{12F9A213-0E58-4AA1-A804-FA7598F126FE}.Release|Any CPU.Build.0 = Release|Any CPU
		{B70CCAED-C4BC-4C55-A613-1346B07B6901}.Debug|Any CPU.ActiveCfg = Debug|Any CPU
		{B70CCAED-C4BC-4C55-A613-1346B07B6901}.Debug|Any CPU.Build.0 = Debug|Any CPU
		{B70CCAED-C4BC-4C55-A613-1346B07B6901}.Release|Any CPU.ActiveCfg = Release|Any CPU
		{B70CCAED-C4BC-4C55-A613-1346B07B6901}.Release|Any CPU.Build.0 = Release|Any CPU
		{CC409503-0EF9-421D-8F09-69B9782E6734}.Debug|Any CPU.ActiveCfg = Debug|Any CPU
		{CC409503-0EF9-421D-8F09-69B9782E6734}.Debug|Any CPU.Build.0 = Debug|Any CPU
		{CC409503-0EF9-421D-8F09-69B9782E6734}.Release|Any CPU.ActiveCfg = Release|Any CPU
		{CC409503-0EF9-421D-8F09-69B9782E6734}.Release|Any CPU.Build.0 = Release|Any CPU
		{92B885A1-6C67-491A-8D0A-F5C54A2FFB9F}.Debug|Any CPU.ActiveCfg = Debug|Any CPU
		{92B885A1-6C67-491A-8D0A-F5C54A2FFB9F}.Debug|Any CPU.Build.0 = Debug|Any CPU
		{92B885A1-6C67-491A-8D0A-F5C54A2FFB9F}.Release|Any CPU.ActiveCfg = Release|Any CPU
		{92B885A1-6C67-491A-8D0A-F5C54A2FFB9F}.Release|Any CPU.Build.0 = Release|Any CPU
		{1870823E-C4EF-482F-B22A-AAA9AA646977}.Debug|Any CPU.ActiveCfg = Debug|Any CPU
		{1870823E-C4EF-482F-B22A-AAA9AA646977}.Debug|Any CPU.Build.0 = Debug|Any CPU
		{1870823E-C4EF-482F-B22A-AAA9AA646977}.Release|Any CPU.ActiveCfg = Release|Any CPU
		{1870823E-C4EF-482F-B22A-AAA9AA646977}.Release|Any CPU.Build.0 = Release|Any CPU
		{B3A859B3-812A-4A0D-8774-8A03549F56B4}.Debug|Any CPU.ActiveCfg = Debug|Any CPU
		{B3A859B3-812A-4A0D-8774-8A03549F56B4}.Debug|Any CPU.Build.0 = Debug|Any CPU
		{B3A859B3-812A-4A0D-8774-8A03549F56B4}.Release|Any CPU.ActiveCfg = Release|Any CPU
		{B3A859B3-812A-4A0D-8774-8A03549F56B4}.Release|Any CPU.Build.0 = Release|Any CPU
		{3DA5C282-1A86-4633-BFCA-571D07D815CF}.Debug|Any CPU.ActiveCfg = Debug|Any CPU
		{3DA5C282-1A86-4633-BFCA-571D07D815CF}.Debug|Any CPU.Build.0 = Debug|Any CPU
		{3DA5C282-1A86-4633-BFCA-571D07D815CF}.Release|Any CPU.ActiveCfg = Release|Any CPU
		{3DA5C282-1A86-4633-BFCA-571D07D815CF}.Release|Any CPU.Build.0 = Release|Any CPU
		{AA4233C2-5D8F-4B61-B03E-7FBDCD953DAA}.Debug|Any CPU.ActiveCfg = Debug|Any CPU
		{AA4233C2-5D8F-4B61-B03E-7FBDCD953DAA}.Debug|Any CPU.Build.0 = Debug|Any CPU
		{AA4233C2-5D8F-4B61-B03E-7FBDCD953DAA}.Release|Any CPU.ActiveCfg = Release|Any CPU
		{AA4233C2-5D8F-4B61-B03E-7FBDCD953DAA}.Release|Any CPU.Build.0 = Release|Any CPU
	EndGlobalSection
	GlobalSection(SolutionProperties) = preSolution
		HideSolutionNode = FALSE
	EndGlobalSection
	GlobalSection(NestedProjects) = preSolution
		{612CD72D-A29E-4997-A7ED-59A2FAAEE6A9} = {AF38C22D-4EEF-41C8-9A12-543EA2027710}
		{12F9A213-0E58-4AA1-A804-FA7598F126FE} = {AF38C22D-4EEF-41C8-9A12-543EA2027710}
		{B70CCAED-C4BC-4C55-A613-1346B07B6901} = {AF38C22D-4EEF-41C8-9A12-543EA2027710}
		{CC409503-0EF9-421D-8F09-69B9782E6734} = {0BEDA55A-4F5E-440E-92A6-C1A210868051}
		{92B885A1-6C67-491A-8D0A-F5C54A2FFB9F} = {0BEDA55A-4F5E-440E-92A6-C1A210868051}
		{1870823E-C4EF-482F-B22A-AAA9AA646977} = {0BEDA55A-4F5E-440E-92A6-C1A210868051}
		{B3A859B3-812A-4A0D-8774-8A03549F56B4} = {98E3456A-FFC6-40E1-A4B5-8E53AFE4C97E}
		{3DA5C282-1A86-4633-BFCA-571D07D815CF} = {98E3456A-FFC6-40E1-A4B5-8E53AFE4C97E}
		{AA4233C2-5D8F-4B61-B03E-7FBDCD953DAA} = {98E3456A-FFC6-40E1-A4B5-8E53AFE4C97E}
	EndGlobalSection
	GlobalSection(ExtensibilityGlobals) = postSolution
		SolutionGuid = {8E885AD7-C301-4A5D-8249-C6168B44845D}
	EndGlobalSection
EndGlobal
